
Microsoft Visual Studio Solution File, Format Version 12.00
# Visual Studio Version 17
VisualStudioVersion = 17.4.33213.308
MinimumVisualStudioVersion = 10.0.40219.1
Project("{FAE04EC0-301F-11D3-BF4B-00C04F79EFBC}") = "CalculadoraSimples", "CalculadoraSimples\CalculadoraSimples.csproj", "{13B82FD8-52AE-4DA0-B77B-A4C153E8CE8A}"
EndProject
Global
	GlobalSection(SolutionConfigurationPlatforms) = preSolution
		Debug|Any CPU = Debug|Any CPU
		Release|Any CPU = Release|Any CPU
	EndGlobalSection
	GlobalSection(ProjectConfigurationPlatforms) = postSolution
		{13B82FD8-52AE-4DA0-B77B-A4C153E8CE8A}.Debug|Any CPU.ActiveCfg = Debug|Any CPU
		{13B82FD8-52AE-4DA0-B77B-A4C153E8CE8A}.Debug|Any CPU.Build.0 = Debug|Any CPU
		{13B82FD8-52AE-4DA0-B77B-A4C153E8CE8A}.Release|Any CPU.ActiveCfg = Release|Any CPU
		{13B82FD8-52AE-4DA0-B77B-A4C153E8CE8A}.Release|Any CPU.Build.0 = Release|Any CPU
	EndGlobalSection
	GlobalSection(SolutionProperties) = preSolution
		HideSolutionNode = FALSE
	EndGlobalSection
	GlobalSection(ExtensibilityGlobals) = postSolution
		SolutionGuid = {042056DF-278F-4F2B-9B03-F74CFAE8CC6D}
	EndGlobalSection
EndGlobal
